{
  "name": "AStarPathFinder",
  "lockfileVersion": 2,
  "requires": true,
  "packages": {
    "": {
      "dependencies": {
        "generate-maze": "^1.1.0",
        "heap": "^0.2.7"
      },
      "devDependencies": {
        "@types/heap": "^0.2.30"
      }
    },
    "node_modules/@types/heap": {
      "version": "0.2.30",
      "resolved": "https://registry.npmjs.org/@types/heap/-/heap-0.2.30.tgz",
      "integrity": "sha512-nHNZ88yQwc1scC5oERUEXC/XtQ9TnU6JWIDvZ9i6sq3Gy2d6Q3oKIsk1TSFyNzUb8f82U+1IXxWGd+VxDxDaCg==",
      "dev": true
    },
    "node_modules/generate-maze": {
      "version": "1.1.0",
      "resolved": "https://registry.npmjs.org/generate-maze/-/generate-maze-1.1.0.tgz",
      "integrity": "sha512-QMZ2PB/1EzKkZK9zLA33brVIU5rdN/+fUQok2Z1yaCEoVBd7L7nCF2q2b+o4wlYrqW4xDjTzRIsKfjzwXJXmMA=="
    },
    "node_modules/heap": {
      "version": "0.2.7",
      "resolved": "https://registry.npmjs.org/heap/-/heap-0.2.7.tgz",
      "integrity": "sha512-2bsegYkkHO+h/9MGbn6KWcE45cHZgPANo5LXF7EvWdT0yT2EguSVO1nDgU5c8+ZOPwp2vMNa7YFsJhVcDR9Sdg=="
    }
  },
  "dependencies": {
    "@types/heap": {
      "version": "0.2.30",
      "resolved": "https://registry.npmjs.org/@types/heap/-/heap-0.2.30.tgz",
      "integrity": "sha512-nHNZ88yQwc1scC5oERUEXC/XtQ9TnU6JWIDvZ9i6sq3Gy2d6Q3oKIsk1TSFyNzUb8f82U+1IXxWGd+VxDxDaCg==",
      "dev": true
    },
    "generate-maze": {
      "version": "1.1.0",
      "resolved": "https://registry.npmjs.org/generate-maze/-/generate-maze-1.1.0.tgz",
      "integrity": "sha512-QMZ2PB/1EzKkZK9zLA33brVIU5rdN/+fUQok2Z1yaCEoVBd7L7nCF2q2b+o4wlYrqW4xDjTzRIsKfjzwXJXmMA=="
    },
    "heap": {
      "version": "0.2.7",
      "resolved": "https://registry.npmjs.org/heap/-/heap-0.2.7.tgz",
      "integrity": "sha512-2bsegYkkHO+h/9MGbn6KWcE45cHZgPANo5LXF7EvWdT0yT2EguSVO1nDgU5c8+ZOPwp2vMNa7YFsJhVcDR9Sdg=="
    }
  }
}
